<?xml version="1.0" encoding="utf-8"?>
<Project ToolsVersion="4.0" xmlns="http://schemas.microsoft.com/developer/msbuild/2003">
  <ItemGroup>
    <Filter Include="Source Files">
      <UniqueIdentifier>{4FC737F1-C7A5-4376-A066-2A32D752A2FF}</UniqueIdentifier>
      <Extensions>cpp;c;cc;cxx;c++;cppm;ixx;def;odl;idl;hpj;bat;asm;asmx</Extensions>
    </Filter>
    <Filter Include="Header Files">
      <UniqueIdentifier>{93995380-89BD-4b04-88EB-625FBE52EBFB}</UniqueIdentifier>
      <Extensions>h;hh;hpp;hxx;h++;hm;inl;inc;ipp;xsd</Extensions>
    </Filter>
    <Filter Include="Resource Files">
      <UniqueIdentifier>{67DA6AB6-F800-4c08-8B7A-83BB121AAD01}</UniqueIdentifier>
      <Extensions>rc;ico;cur;bmp;dlg;rc2;rct;bin;rgs;gif;jpg;jpeg;jpe;resx;tiff;tif;png;wav;mfcribbon-ms</Extensions>
    </Filter>
  </ItemGroup>
  <ItemGroup>
    <ClInclude Include="framework.h">
      <Filter>Header Files</Filter>
    </ClInclude>
    <ClInclude Include="targetver.h">
      <Filter>Header Files</Filter>
    </ClInclude>
    <ClInclude Include="Resource.h">
      <Filter>Header Files</Filter>
    </ClInclude>
    <ClInclude Include="main.h">
      <Filter>Header Files</Filter>
    </ClInclude>
    <ClInclude Include="pch.h">
      <Filter>Header Files</Filter>
    </ClInclude>
    <ClInclude Include="romFinder.h">
      <Filter>Header Files</Filter>
    </ClInclude>
    <ClInclude Include="toolGenerator.h">
      <Filter>Header Files</Filter>
    </ClInclude>
    <ClInclude Include="Window.h">
      <Filter>Header Files</Filter>
    </ClInclude>
    <ClInclude Include="patchProcessor.h">
      <Filter>Header Files</Filter>
    </ClInclude>
    <ClInclude Include="patchVerifier.h">
      <Filter>Header Files</Filter>
    </ClInclude>
    <ClInclude Include="applyPatch.h">
      <Filter>Header Files</Filter>
    </ClInclude>
    <ClInclude Include="fileEditor.h">
      <Filter>Header Files</Filter>
    </ClInclude>
    <ClInclude Include="paintWindow.h">
      <Filter>Header Files</Filter>
    </ClInclude>
    <ClInclude Include="windowHandler.h">
      <Filter>Header Files</Filter>
    </ClInclude>
    <ClInclude Include="graphicsVerifier.h">
      <Filter>Header Files</Filter>
    </ClInclude>
    <ClInclude Include="gameplayVerifier.h">
      <Filter>Header Files</Filter>
    </ClInclude>
    <ClInclude Include="arenaVerifier.h">
      <Filter>Header Files</Filter>
    </ClInclude>
    <ClInclude Include="storyVerifier.h">
      <Filter>Header Files</Filter>
    </ClInclude>
  </ItemGroup>
  <ItemGroup>
    <ClCompile Include="main.cpp">
      <Filter>Source Files</Filter>
    </ClCompile>
    <ClCompile Include="pch.cpp">
      <Filter>Source Files</Filter>
    </ClCompile>
    <ClCompile Include="romFinder.cpp">
      <Filter>Source Files</Filter>
    </ClCompile>
    <ClCompile Include="toolGenerator.cpp">
      <Filter>Source Files</Filter>
    </ClCompile>
    <ClCompile Include="Window.cpp">
      <Filter>Source Files</Filter>
    </ClCompile>
    <ClCompile Include="patchProcessor.cpp">
      <Filter>Source Files</Filter>
    </ClCompile>
    <ClCompile Include="patchVerifier.cpp">
      <Filter>Source Files</Filter>
    </ClCompile>
    <ClCompile Include="applyPatch.cpp">
      <Filter>Source Files</Filter>
    </ClCompile>
    <ClCompile Include="fileEditor.cpp">
      <Filter>Source Files</Filter>
    </ClCompile>
    <ClCompile Include="paintWindow.cpp">
      <Filter>Source Files</Filter>
    </ClCompile>
    <ClCompile Include="windowHandler.cpp">
      <Filter>Source Files</Filter>
    </ClCompile>
    <ClCompile Include="graphicsVerifier.cpp">
      <Filter>Source Files</Filter>
    </ClCompile>
    <ClCompile Include="gameplayVerifier.cpp">
      <Filter>Source Files</Filter>
    </ClCompile>
    <ClCompile Include="arenaVerifier.cpp">
      <Filter>Source Files</Filter>
    </ClCompile>
    <ClCompile Include="storyVerifier.cpp">
      <Filter>Source Files</Filter>
    </ClCompile>
  </ItemGroup>
  <ItemGroup>
    <ResourceCompile Include="main.rc">
      <Filter>Resource Files</Filter>
    </ResourceCompile>
  </ItemGroup>
  <ItemGroup>
    <Image Include="small.ico">
      <Filter>Resource Files</Filter>
    </Image>
    <Image Include="xgpw.ico">
      <Filter>Resource Files</Filter>
    </Image>
  </ItemGroup>
</Project>